
Microsoft Visual Studio Solution File, Format Version 12.00
# Visual Studio Version 16
VisualStudioVersion = 16.0.31424.327
MinimumVisualStudioVersion = 10.0.40219.1
Project("{9A19103F-16F7-4668-BE54-9A1E7A4F7556}") = "ChallengeApi", "ChallengeApi.csproj", "{F2677A12-2194-472A-A68A-2D03467CE60B}"
EndProject
Project("{9A19103F-16F7-4668-BE54-9A1E7A4F7556}") = "WebApplicationBlog", "..\..\Application\WebApplicationBlog\WebApplicationBlog.csproj", "{2C0740F9-821B-4437-AC50-8677322E328C}"
EndProject
Global
	GlobalSection(SolutionConfigurationPlatforms) = preSolution
		Debug|Any CPU = Debug|Any CPU
		Release|Any CPU = Release|Any CPU
	EndGlobalSection
	GlobalSection(ProjectConfigurationPlatforms) = postSolution
		{F2677A12-2194-472A-A68A-2D03467CE60B}.Debug|Any CPU.ActiveCfg = Debug|Any CPU
		{F2677A12-2194-472A-A68A-2D03467CE60B}.Debug|Any CPU.Build.0 = Debug|Any CPU
		{F2677A12-2194-472A-A68A-2D03467CE60B}.Release|Any CPU.ActiveCfg = Release|Any CPU
		{F2677A12-2194-472A-A68A-2D03467CE60B}.Release|Any CPU.Build.0 = Release|Any CPU
		{2C0740F9-821B-4437-AC50-8677322E328C}.Debug|Any CPU.ActiveCfg = Debug|Any CPU
		{2C0740F9-821B-4437-AC50-8677322E328C}.Debug|Any CPU.Build.0 = Debug|Any CPU
		{2C0740F9-821B-4437-AC50-8677322E328C}.Release|Any CPU.ActiveCfg = Release|Any CPU
		{2C0740F9-821B-4437-AC50-8677322E328C}.Release|Any CPU.Build.0 = Release|Any CPU
	EndGlobalSection
	GlobalSection(SolutionProperties) = preSolution
		HideSolutionNode = FALSE
	EndGlobalSection
	GlobalSection(ExtensibilityGlobals) = postSolution
		SolutionGuid = {38AC7B03-B645-4B12-9D9C-896E1C0AEA52}
	EndGlobalSection
EndGlobal
